
Microsoft Visual Studio Solution File, Format Version 12.00
Project("{FAE04EC0-301F-11D3-BF4B-00C04F79EFBC}") = "WebApplication", "WebApplication\WebApplication.csproj", "{7ADB4FDB-3372-40A9-A278-180CB19C92ED}"
EndProject
Project("{2150E333-8FDC-42A3-9474-1A3956D46DE8}") = "1 - Core", "1 - Core", "{2548A4A0-031E-4FC1-92F8-030DC61B2FE4}"
EndProject
Project("{FAE04EC0-301F-11D3-BF4B-00C04F79EFBC}") = "Domain", "Core\Domain\Domain.csproj", "{3E6E72E8-F687-448E-B4B2-CFC27FFFF301}"
EndProject
Project("{2150E333-8FDC-42A3-9474-1A3956D46DE8}") = "2 - Infra", "2 - Infra", "{16142C9D-0A88-4874-A0D8-8AB8293161BC}"
EndProject
Project("{2150E333-8FDC-42A3-9474-1A3956D46DE8}") = "4 - Web", "4 - Web", "{D2358DF3-7CBB-4590-A043-75F405FAC9BB}"
EndProject
Project("{FAE04EC0-301F-11D3-BF4B-00C04F79EFBC}") = "Infra", "Infra\Infra.csproj", "{CB9C4C09-6FE1-4FAE-A939-494382815974}"
EndProject
Project("{FAE04EC0-301F-11D3-BF4B-00C04F79EFBC}") = "Infra.CrossCuting", "Infra\Infra.CrossCuting\Infra.CrossCuting.csproj", "{A881F93A-97EA-4B29-B975-06561CDFD165}"
EndProject
Project("{FAE04EC0-301F-11D3-BF4B-00C04F79EFBC}") = "Infra.IoC", "Infra\Infra.IoC\Infra.IoC.csproj", "{FA5AE011-6B60-4BE3-854E-A38D50E287F8}"
EndProject
Project("{2150E333-8FDC-42A3-9474-1A3956D46DE8}") = "Tests", "Tests", "{AC60CFEC-A52E-48DB-89D4-824476482ADE}"
EndProject
Project("{2150E333-8FDC-42A3-9474-1A3956D46DE8}") = "3 - Application", "3 - Application", "{CB3BAAAE-991C-49C2-82FB-50813D87A312}"
EndProject
Global
	GlobalSection(SolutionConfigurationPlatforms) = preSolution
		Debug|Any CPU = Debug|Any CPU
		Release|Any CPU = Release|Any CPU
	EndGlobalSection
	GlobalSection(ProjectConfigurationPlatforms) = postSolution
		{7ADB4FDB-3372-40A9-A278-180CB19C92ED}.Debug|Any CPU.ActiveCfg = Debug|Any CPU
		{7ADB4FDB-3372-40A9-A278-180CB19C92ED}.Debug|Any CPU.Build.0 = Debug|Any CPU
		{7ADB4FDB-3372-40A9-A278-180CB19C92ED}.Release|Any CPU.ActiveCfg = Release|Any CPU
		{7ADB4FDB-3372-40A9-A278-180CB19C92ED}.Release|Any CPU.Build.0 = Release|Any CPU
		{3E6E72E8-F687-448E-B4B2-CFC27FFFF301}.Debug|Any CPU.ActiveCfg = Debug|Any CPU
		{3E6E72E8-F687-448E-B4B2-CFC27FFFF301}.Debug|Any CPU.Build.0 = Debug|Any CPU
		{3E6E72E8-F687-448E-B4B2-CFC27FFFF301}.Release|Any CPU.ActiveCfg = Release|Any CPU
		{3E6E72E8-F687-448E-B4B2-CFC27FFFF301}.Release|Any CPU.Build.0 = Release|Any CPU
		{CB9C4C09-6FE1-4FAE-A939-494382815974}.Debug|Any CPU.ActiveCfg = Debug|Any CPU
		{CB9C4C09-6FE1-4FAE-A939-494382815974}.Debug|Any CPU.Build.0 = Debug|Any CPU
		{CB9C4C09-6FE1-4FAE-A939-494382815974}.Release|Any CPU.ActiveCfg = Release|Any CPU
		{CB9C4C09-6FE1-4FAE-A939-494382815974}.Release|Any CPU.Build.0 = Release|Any CPU
		{A881F93A-97EA-4B29-B975-06561CDFD165}.Debug|Any CPU.ActiveCfg = Debug|Any CPU
		{A881F93A-97EA-4B29-B975-06561CDFD165}.Debug|Any CPU.Build.0 = Debug|Any CPU
		{A881F93A-97EA-4B29-B975-06561CDFD165}.Release|Any CPU.ActiveCfg = Release|Any CPU
		{A881F93A-97EA-4B29-B975-06561CDFD165}.Release|Any CPU.Build.0 = Release|Any CPU
		{FA5AE011-6B60-4BE3-854E-A38D50E287F8}.Debug|Any CPU.ActiveCfg = Debug|Any CPU
		{FA5AE011-6B60-4BE3-854E-A38D50E287F8}.Debug|Any CPU.Build.0 = Debug|Any CPU
		{FA5AE011-6B60-4BE3-854E-A38D50E287F8}.Release|Any CPU.ActiveCfg = Release|Any CPU
		{FA5AE011-6B60-4BE3-854E-A38D50E287F8}.Release|Any CPU.Build.0 = Release|Any CPU
	EndGlobalSection
	GlobalSection(NestedProjects) = preSolution
		{3E6E72E8-F687-448E-B4B2-CFC27FFFF301} = {2548A4A0-031E-4FC1-92F8-030DC61B2FE4}
		{7ADB4FDB-3372-40A9-A278-180CB19C92ED} = {D2358DF3-7CBB-4590-A043-75F405FAC9BB}
		{CB9C4C09-6FE1-4FAE-A939-494382815974} = {16142C9D-0A88-4874-A0D8-8AB8293161BC}
		{A881F93A-97EA-4B29-B975-06561CDFD165} = {16142C9D-0A88-4874-A0D8-8AB8293161BC}
		{FA5AE011-6B60-4BE3-854E-A38D50E287F8} = {16142C9D-0A88-4874-A0D8-8AB8293161BC}
	EndGlobalSection
EndGlobal
